// !$*UTF8*$!
{
	archiveVersion = 1;
	classes = {
	};
	objectVersion = 55;
	objects = {

/* Begin PBXBuildFile section */
		9F04714C2739F88B0099A5E5 /* AppDelegate.swift in Sources */ = {isa = PBXBuildFile; fileRef = 9F04714B2739F88B0099A5E5 /* AppDelegate.swift */; };
		9F04714E2739F88B0099A5E5 /* SceneDelegate.swift in Sources */ = {isa = PBXBuildFile; fileRef = 9F04714D2739F88B0099A5E5 /* SceneDelegate.swift */; };
		9F0471502739F88B0099A5E5 /* ViewController.swift in Sources */ = {isa = PBXBuildFile; fileRef = 9F04714F2739F88B0099A5E5 /* ViewController.swift */; };
		9F0471562739F88B0099A5E5 /* Liste.xcdatamodeld in Sources */ = {isa = PBXBuildFile; fileRef = 9F0471542739F88B0099A5E5 /* Liste.xcdatamodeld */; };
		9F0471582739F88D0099A5E5 /* Assets.xcassets in Resources */ = {isa = PBXBuildFile; fileRef = 9F0471572739F88D0099A5E5 /* Assets.xcassets */; };
		9F04715B2739F88D0099A5E5 /* LaunchScreen.storyboard in Resources */ = {isa = PBXBuildFile; fileRef = 9F0471592739F88D0099A5E5 /* LaunchScreen.storyboard */; };
		9F0471662739F9320099A5E5 /* CodeView.swift in Sources */ = {isa = PBXBuildFile; fileRef = 9F0471652739F9320099A5E5 /* CodeView.swift */; };
		9F04716B273A08910099A5E5 /* MainCoordinator.swift in Sources */ = {isa = PBXBuildFile; fileRef = 9F04716A273A08910099A5E5 /* MainCoordinator.swift */; };
		9F04716D273A08F80099A5E5 /* Coordinator.swift in Sources */ = {isa = PBXBuildFile; fileRef = 9F04716C273A08F80099A5E5 /* Coordinator.swift */; };
		9F951984273D41E10071D2E5 /* SetRoutineView.swift in Sources */ = {isa = PBXBuildFile; fileRef = 9F951983273D41E10071D2E5 /* SetRoutineView.swift */; };
		9F951986273D41EB0071D2E5 /* SetRoutineViewController.swift in Sources */ = {isa = PBXBuildFile; fileRef = 9F951985273D41EB0071D2E5 /* SetRoutineViewController.swift */; };
		9F951988273D41F50071D2E5 /* SetRoutineViewModel.swift in Sources */ = {isa = PBXBuildFile; fileRef = 9F951987273D41F50071D2E5 /* SetRoutineViewModel.swift */; };
		9F95198B273D45F00071D2E5 /* SetTimeView.swift in Sources */ = {isa = PBXBuildFile; fileRef = 9F95198A273D45F00071D2E5 /* SetTimeView.swift */; };
		9F95198D273D45FB0071D2E5 /* SetTimeViewController.swift in Sources */ = {isa = PBXBuildFile; fileRef = 9F95198C273D45FB0071D2E5 /* SetTimeViewController.swift */; };
		9F95198F273D46050071D2E5 /* SetTimeVIewModel.swift in Sources */ = {isa = PBXBuildFile; fileRef = 9F95198E273D46050071D2E5 /* SetTimeVIewModel.swift */; };
		9F951992273D5AEA0071D2E5 /* ButtonComponent.swift in Sources */ = {isa = PBXBuildFile; fileRef = 9F951991273D5AEA0071D2E5 /* ButtonComponent.swift */; };
		9FA7C4B1273B4B26009B62E3 /* OnboardingViewController.swift in Sources */ = {isa = PBXBuildFile; fileRef = 9FA7C4B0273B4B26009B62E3 /* OnboardingViewController.swift */; };
		9FA7C4B3273B4B2F009B62E3 /* OnboardingView.swift in Sources */ = {isa = PBXBuildFile; fileRef = 9FA7C4B2273B4B2F009B62E3 /* OnboardingView.swift */; };
		9FA7C4B5273B4B39009B62E3 /* OnboardingViewModel.swift in Sources */ = {isa = PBXBuildFile; fileRef = 9FA7C4B4273B4B39009B62E3 /* OnboardingViewModel.swift */; };
		9FA7C4B7273B4BFB009B62E3 /* OnboardingCoordinator.swift in Sources */ = {isa = PBXBuildFile; fileRef = 9FA7C4B6273B4BFB009B62E3 /* OnboardingCoordinator.swift */; };
		FE169B70273D70E200A8C7C1 /* RoutineCellComponent.swift in Sources */ = {isa = PBXBuildFile; fileRef = FE169B6F273D70E200A8C7C1 /* RoutineCellComponent.swift */; };
		FEB3CF41273EE4D70028EAD1 /* Routine.swift in Sources */ = {isa = PBXBuildFile; fileRef = FEB3CF40273EE4D70028EAD1 /* Routine.swift */; };
		FEB3CF44273F09970028EAD1 /* ColorExtension.swift in Sources */ = {isa = PBXBuildFile; fileRef = FEB3CF43273F09970028EAD1 /* ColorExtension.swift */; };
		FEB3CF53273F113C0028EAD1 /* DMSans-Medium.ttf in Resources */ = {isa = PBXBuildFile; fileRef = FEB3CF52273F113C0028EAD1 /* DMSans-Medium.ttf */; };
		FEB3CF55273F11F90028EAD1 /* DMSans-Regular.ttf in Resources */ = {isa = PBXBuildFile; fileRef = FEB3CF54273F11F90028EAD1 /* DMSans-Regular.ttf */; };
		FEB3CF57273F125A0028EAD1 /* DMSans-Bold.ttf in Resources */ = {isa = PBXBuildFile; fileRef = FEB3CF56273F125A0028EAD1 /* DMSans-Bold.ttf */; };
		FEB3CF59273F13660028EAD1 /* Font.swift in Sources */ = {isa = PBXBuildFile; fileRef = FEB3CF58273F13660028EAD1 /* Font.swift */; };
/* End PBXBuildFile section */

/* Begin PBXFileReference section */
		9F0471482739F88B0099A5E5 /* Liste.app */ = {isa = PBXFileReference; explicitFileType = wrapper.application; includeInIndex = 0; path = Liste.app; sourceTree = BUILT_PRODUCTS_DIR; };
		9F04714B2739F88B0099A5E5 /* AppDelegate.swift */ = {isa = PBXFileReference; lastKnownFileType = sourcecode.swift; path = AppDelegate.swift; sourceTree = "<group>"; };
		9F04714D2739F88B0099A5E5 /* SceneDelegate.swift */ = {isa = PBXFileReference; lastKnownFileType = sourcecode.swift; path = SceneDelegate.swift; sourceTree = "<group>"; };
		9F04714F2739F88B0099A5E5 /* ViewController.swift */ = {isa = PBXFileReference; lastKnownFileType = sourcecode.swift; path = ViewController.swift; sourceTree = "<group>"; };
		9F0471552739F88B0099A5E5 /* Liste.xcdatamodel */ = {isa = PBXFileReference; lastKnownFileType = wrapper.xcdatamodel; path = Liste.xcdatamodel; sourceTree = "<group>"; };
		9F0471572739F88D0099A5E5 /* Assets.xcassets */ = {isa = PBXFileReference; lastKnownFileType = folder.assetcatalog; path = Assets.xcassets; sourceTree = "<group>"; };
		9F04715A2739F88D0099A5E5 /* Base */ = {isa = PBXFileReference; lastKnownFileType = file.storyboard; name = Base; path = Base.lproj/LaunchScreen.storyboard; sourceTree = "<group>"; };
		9F04715C2739F88D0099A5E5 /* Info.plist */ = {isa = PBXFileReference; lastKnownFileType = text.plist.xml; path = Info.plist; sourceTree = "<group>"; };
		9F0471652739F9320099A5E5 /* CodeView.swift */ = {isa = PBXFileReference; lastKnownFileType = sourcecode.swift; path = CodeView.swift; sourceTree = "<group>"; };
		9F04716A273A08910099A5E5 /* MainCoordinator.swift */ = {isa = PBXFileReference; lastKnownFileType = sourcecode.swift; path = MainCoordinator.swift; sourceTree = "<group>"; };
		9F04716C273A08F80099A5E5 /* Coordinator.swift */ = {isa = PBXFileReference; lastKnownFileType = sourcecode.swift; path = Coordinator.swift; sourceTree = "<group>"; };
		9F951983273D41E10071D2E5 /* SetRoutineView.swift */ = {isa = PBXFileReference; lastKnownFileType = sourcecode.swift; path = SetRoutineView.swift; sourceTree = "<group>"; };
		9F951985273D41EB0071D2E5 /* SetRoutineViewController.swift */ = {isa = PBXFileReference; lastKnownFileType = sourcecode.swift; path = SetRoutineViewController.swift; sourceTree = "<group>"; };
		9F951987273D41F50071D2E5 /* SetRoutineViewModel.swift */ = {isa = PBXFileReference; lastKnownFileType = sourcecode.swift; path = SetRoutineViewModel.swift; sourceTree = "<group>"; };
		9F95198A273D45F00071D2E5 /* SetTimeView.swift */ = {isa = PBXFileReference; lastKnownFileType = sourcecode.swift; path = SetTimeView.swift; sourceTree = "<group>"; };
		9F95198C273D45FB0071D2E5 /* SetTimeViewController.swift */ = {isa = PBXFileReference; lastKnownFileType = sourcecode.swift; path = SetTimeViewController.swift; sourceTree = "<group>"; };
		9F95198E273D46050071D2E5 /* SetTimeVIewModel.swift */ = {isa = PBXFileReference; lastKnownFileType = sourcecode.swift; path = SetTimeVIewModel.swift; sourceTree = "<group>"; };
		9F951991273D5AEA0071D2E5 /* ButtonComponent.swift */ = {isa = PBXFileReference; lastKnownFileType = sourcecode.swift; path = ButtonComponent.swift; sourceTree = "<group>"; };
		9FA7C4B0273B4B26009B62E3 /* OnboardingViewController.swift */ = {isa = PBXFileReference; lastKnownFileType = sourcecode.swift; path = OnboardingViewController.swift; sourceTree = "<group>"; };
		9FA7C4B2273B4B2F009B62E3 /* OnboardingView.swift */ = {isa = PBXFileReference; lastKnownFileType = sourcecode.swift; path = OnboardingView.swift; sourceTree = "<group>"; };
		9FA7C4B4273B4B39009B62E3 /* OnboardingViewModel.swift */ = {isa = PBXFileReference; lastKnownFileType = sourcecode.swift; path = OnboardingViewModel.swift; sourceTree = "<group>"; };
		9FA7C4B6273B4BFB009B62E3 /* OnboardingCoordinator.swift */ = {isa = PBXFileReference; lastKnownFileType = sourcecode.swift; path = OnboardingCoordinator.swift; sourceTree = "<group>"; };
		FE169B6F273D70E200A8C7C1 /* RoutineCellComponent.swift */ = {isa = PBXFileReference; lastKnownFileType = sourcecode.swift; path = RoutineCellComponent.swift; sourceTree = "<group>"; };
		FEB3CF40273EE4D70028EAD1 /* Routine.swift */ = {isa = PBXFileReference; lastKnownFileType = sourcecode.swift; path = Routine.swift; sourceTree = "<group>"; };
		FEB3CF43273F09970028EAD1 /* ColorExtension.swift */ = {isa = PBXFileReference; lastKnownFileType = sourcecode.swift; path = ColorExtension.swift; sourceTree = "<group>"; };
		FEB3CF52273F113C0028EAD1 /* DMSans-Medium.ttf */ = {isa = PBXFileReference; lastKnownFileType = file; path = "DMSans-Medium.ttf"; sourceTree = "<group>"; };
		FEB3CF54273F11F90028EAD1 /* DMSans-Regular.ttf */ = {isa = PBXFileReference; lastKnownFileType = file; path = "DMSans-Regular.ttf"; sourceTree = "<group>"; };
		FEB3CF56273F125A0028EAD1 /* DMSans-Bold.ttf */ = {isa = PBXFileReference; lastKnownFileType = file; path = "DMSans-Bold.ttf"; sourceTree = "<group>"; };
		FEB3CF58273F13660028EAD1 /* Font.swift */ = {isa = PBXFileReference; lastKnownFileType = sourcecode.swift; path = Font.swift; sourceTree = "<group>"; };
/* End PBXFileReference section */

/* Begin PBXFrameworksBuildPhase section */
		9F0471452739F88B0099A5E5 /* Frameworks */ = {
			isa = PBXFrameworksBuildPhase;
			buildActionMask = 2147483647;
			files = (
			);
			runOnlyForDeploymentPostprocessing = 0;
		};
/* End PBXFrameworksBuildPhase section */

/* Begin PBXGroup section */
		9F04713F2739F88B0099A5E5 = {
			isa = PBXGroup;
			children = (
				9F04714A2739F88B0099A5E5 /* Liste */,
				9F0471492739F88B0099A5E5 /* Products */,
			);
			sourceTree = "<group>";
		};
		9F0471492739F88B0099A5E5 /* Products */ = {
			isa = PBXGroup;
			children = (
				9F0471482739F88B0099A5E5 /* Liste.app */,
			);
			name = Products;
			sourceTree = "<group>";
		};
		9F04714A2739F88B0099A5E5 /* Liste */ = {
			isa = PBXGroup;
			children = (
				FEB3CF42273F09880028EAD1 /* Extensions */,
				9F951990273D5AD00071D2E5 /* Components */,
				9F0471692739FBB10099A5E5 /* Coordinator */,
				9F0471682739FB8C0099A5E5 /* Scene */,
				9F0471672739FB470099A5E5 /* Model */,
				9F0471622739F90C0099A5E5 /* Protocols */,
				9F04714B2739F88B0099A5E5 /* AppDelegate.swift */,
				9F04714D2739F88B0099A5E5 /* SceneDelegate.swift */,
				9F04714F2739F88B0099A5E5 /* ViewController.swift */,
				9F0471572739F88D0099A5E5 /* Assets.xcassets */,
				9F0471592739F88D0099A5E5 /* LaunchScreen.storyboard */,
				9F04715C2739F88D0099A5E5 /* Info.plist */,
				FEB3CF52273F113C0028EAD1 /* DMSans-Medium.ttf */,
				FEB3CF54273F11F90028EAD1 /* DMSans-Regular.ttf */,
				FEB3CF56273F125A0028EAD1 /* DMSans-Bold.ttf */,
			);
			path = Liste;
			sourceTree = "<group>";
		};
		9F0471622739F90C0099A5E5 /* Protocols */ = {
			isa = PBXGroup;
			children = (
				9F0471652739F9320099A5E5 /* CodeView.swift */,
				9F04716C273A08F80099A5E5 /* Coordinator.swift */,
			);
			path = Protocols;
			sourceTree = "<group>";
		};
		9F0471672739FB470099A5E5 /* Model */ = {
			isa = PBXGroup;
			children = (
				9F0471542739F88B0099A5E5 /* Liste.xcdatamodeld */,
				FEB3CF40273EE4D70028EAD1 /* Routine.swift */,
			);
			path = Model;
			sourceTree = "<group>";
		};
		9F0471682739FB8C0099A5E5 /* Scene */ = {
			isa = PBXGroup;
			children = (
				9FA7C4AF273B4B17009B62E3 /* Onboarding */,
			);
			path = Scene;
			sourceTree = "<group>";
		};
		9F0471692739FBB10099A5E5 /* Coordinator */ = {
			isa = PBXGroup;
			children = (
				9F04716A273A08910099A5E5 /* MainCoordinator.swift */,
			);
			path = Coordinator;
			sourceTree = "<group>";
		};
		9F951981273D41B10071D2E5 /* Intro */ = {
			isa = PBXGroup;
			children = (
				9FA7C4B0273B4B26009B62E3 /* OnboardingViewController.swift */,
				9FA7C4B2273B4B2F009B62E3 /* OnboardingView.swift */,
				9FA7C4B4273B4B39009B62E3 /* OnboardingViewModel.swift */,
			);
			path = Intro;
			sourceTree = "<group>";
		};
		9F951982273D41CD0071D2E5 /* SetRoutine */ = {
			isa = PBXGroup;
			children = (
				9F951983273D41E10071D2E5 /* SetRoutineView.swift */,
				9F951985273D41EB0071D2E5 /* SetRoutineViewController.swift */,
				9F951987273D41F50071D2E5 /* SetRoutineViewModel.swift */,
			);
			path = SetRoutine;
			sourceTree = "<group>";
		};
		9F951989273D45DB0071D2E5 /* SetTime */ = {
			isa = PBXGroup;
			children = (
				9F95198A273D45F00071D2E5 /* SetTimeView.swift */,
				9F95198C273D45FB0071D2E5 /* SetTimeViewController.swift */,
				9F95198E273D46050071D2E5 /* SetTimeVIewModel.swift */,
			);
			path = SetTime;
			sourceTree = "<group>";
		};
		9F951990273D5AD00071D2E5 /* Components */ = {
			isa = PBXGroup;
			children = (
				9F951991273D5AEA0071D2E5 /* ButtonComponent.swift */,
				FE169B6F273D70E200A8C7C1 /* RoutineCellComponent.swift */,
			);
			path = Components;
			sourceTree = "<group>";
		};
		9FA7C4AF273B4B17009B62E3 /* Onboarding */ = {
			isa = PBXGroup;
			children = (
				9FA7C4B6273B4BFB009B62E3 /* OnboardingCoordinator.swift */,
				9F951981273D41B10071D2E5 /* Intro */,
				9F951982273D41CD0071D2E5 /* SetRoutine */,
				9F951989273D45DB0071D2E5 /* SetTime */,
			);
			path = Onboarding;
			sourceTree = "<group>";
		};
		FEB3CF42273F09880028EAD1 /* Extensions */ = {
			isa = PBXGroup;
			children = (
				FEB3CF43273F09970028EAD1 /* ColorExtension.swift */,
				FEB3CF58273F13660028EAD1 /* Font.swift */,
			);
			path = Extensions;
			sourceTree = "<group>";
		};
/* End PBXGroup section */

/* Begin PBXNativeTarget section */
		9F0471472739F88B0099A5E5 /* Liste */ = {
			isa = PBXNativeTarget;
			buildConfigurationList = 9F04715F2739F88D0099A5E5 /* Build configuration list for PBXNativeTarget "Liste" */;
			buildPhases = (
				9F0471442739F88B0099A5E5 /* Sources */,
				9F0471452739F88B0099A5E5 /* Frameworks */,
				9F0471462739F88B0099A5E5 /* Resources */,
			);
			buildRules = (
			);
			dependencies = (
			);
			name = Liste;
			productName = Liste;
			productReference = 9F0471482739F88B0099A5E5 /* Liste.app */;
			productType = "com.apple.product-type.application";
		};
/* End PBXNativeTarget section */

/* Begin PBXProject section */
		9F0471402739F88B0099A5E5 /* Project object */ = {
			isa = PBXProject;
			attributes = {
				BuildIndependentTargetsInParallel = 1;
				LastSwiftUpdateCheck = 1310;
				LastUpgradeCheck = 1310;
				TargetAttributes = {
					9F0471472739F88B0099A5E5 = {
						CreatedOnToolsVersion = 13.1;
					};
				};
			};
			buildConfigurationList = 9F0471432739F88B0099A5E5 /* Build configuration list for PBXProject "Liste" */;
			compatibilityVersion = "Xcode 13.0";
			developmentRegion = en;
			hasScannedForEncodings = 0;
			knownRegions = (
				en,
				Base,
			);
			mainGroup = 9F04713F2739F88B0099A5E5;
			productRefGroup = 9F0471492739F88B0099A5E5 /* Products */;
			projectDirPath = "";
			projectRoot = "";
			targets = (
				9F0471472739F88B0099A5E5 /* Liste */,
			);
		};
/* End PBXProject section */

/* Begin PBXResourcesBuildPhase section */
		9F0471462739F88B0099A5E5 /* Resources */ = {
			isa = PBXResourcesBuildPhase;
			buildActionMask = 2147483647;
			files = (
				9F04715B2739F88D0099A5E5 /* LaunchScreen.storyboard in Resources */,
				FEB3CF57273F125A0028EAD1 /* DMSans-Bold.ttf in Resources */,
				9F0471582739F88D0099A5E5 /* Assets.xcassets in Resources */,
				FEB3CF53273F113C0028EAD1 /* DMSans-Medium.ttf in Resources */,
				FEB3CF55273F11F90028EAD1 /* DMSans-Regular.ttf in Resources */,
			);
			runOnlyForDeploymentPostprocessing = 0;
		};
/* End PBXResourcesBuildPhase section */

/* Begin PBXSourcesBuildPhase section */
		9F0471442739F88B0099A5E5 /* Sources */ = {
			isa = PBXSourcesBuildPhase;
			buildActionMask = 2147483647;
			files = (
				9F95198D273D45FB0071D2E5 /* SetTimeViewController.swift in Sources */,
				9F0471502739F88B0099A5E5 /* ViewController.swift in Sources */,
				9F04714C2739F88B0099A5E5 /* AppDelegate.swift in Sources */,
				9F951988273D41F50071D2E5 /* SetRoutineViewModel.swift in Sources */,
				9F04716B273A08910099A5E5 /* MainCoordinator.swift in Sources */,
				9FA7C4B3273B4B2F009B62E3 /* OnboardingView.swift in Sources */,
				9F951984273D41E10071D2E5 /* SetRoutineView.swift in Sources */,
				9F951992273D5AEA0071D2E5 /* ButtonComponent.swift in Sources */,
				9F95198F273D46050071D2E5 /* SetTimeVIewModel.swift in Sources */,
				9FA7C4B1273B4B26009B62E3 /* OnboardingViewController.swift in Sources */,
				FEB3CF41273EE4D70028EAD1 /* Routine.swift in Sources */,
				9FA7C4B5273B4B39009B62E3 /* OnboardingViewModel.swift in Sources */,
				9F95198B273D45F00071D2E5 /* SetTimeView.swift in Sources */,
				FEB3CF59273F13660028EAD1 /* Font.swift in Sources */,
				9F04714E2739F88B0099A5E5 /* SceneDelegate.swift in Sources */,
				9F0471662739F9320099A5E5 /* CodeView.swift in Sources */,
				9FA7C4B7273B4BFB009B62E3 /* OnboardingCoordinator.swift in Sources */,
				9F951986273D41EB0071D2E5 /* SetRoutineViewController.swift in Sources */,
				9F0471562739F88B0099A5E5 /* Liste.xcdatamodeld in Sources */,
				9F04716D273A08F80099A5E5 /* Coordinator.swift in Sources */,
				FE169B70273D70E200A8C7C1 /* RoutineCellComponent.swift in Sources */,
				FEB3CF44273F09970028EAD1 /* ColorExtension.swift in Sources */,
			);
			runOnlyForDeploymentPostprocessing = 0;
		};
/* End PBXSourcesBuildPhase section */

/* Begin PBXVariantGroup section */
		9F0471592739F88D0099A5E5 /* LaunchScreen.storyboard */ = {
			isa = PBXVariantGroup;
			children = (
				9F04715A2739F88D0099A5E5 /* Base */,
			);
			name = LaunchScreen.storyboard;
			sourceTree = "<group>";
		};
/* End PBXVariantGroup section */

/* Begin XCBuildConfiguration section */
		9F04715D2739F88D0099A5E5 /* Debug */ = {
			isa = XCBuildConfiguration;
			buildSettings = {
				ALWAYS_SEARCH_USER_PATHS = NO;
				CLANG_ANALYZER_NONNULL = YES;
				CLANG_ANALYZER_NUMBER_OBJECT_CONVERSION = YES_AGGRESSIVE;
				CLANG_CXX_LANGUAGE_STANDARD = "gnu++17";
				CLANG_CXX_LIBRARY = "libc++";
				CLANG_ENABLE_MODULES = YES;
				CLANG_ENABLE_OBJC_ARC = YES;
				CLANG_ENABLE_OBJC_WEAK = YES;
				CLANG_WARN_BLOCK_CAPTURE_AUTORELEASING = YES;
				CLANG_WARN_BOOL_CONVERSION = YES;
				CLANG_WARN_COMMA = YES;
				CLANG_WARN_CONSTANT_CONVERSION = YES;
				CLANG_WARN_DEPRECATED_OBJC_IMPLEMENTATIONS = YES;
				CLANG_WARN_DIRECT_OBJC_ISA_USAGE = YES_ERROR;
				CLANG_WARN_DOCUMENTATION_COMMENTS = YES;
				CLANG_WARN_EMPTY_BODY = YES;
				CLANG_WARN_ENUM_CONVERSION = YES;
				CLANG_WARN_INFINITE_RECURSION = YES;
				CLANG_WARN_INT_CONVERSION = YES;
				CLANG_WARN_NON_LITERAL_NULL_CONVERSION = YES;
				CLANG_WARN_OBJC_IMPLICIT_RETAIN_SELF = YES;
				CLANG_WARN_OBJC_LITERAL_CONVERSION = YES;
				CLANG_WARN_OBJC_ROOT_CLASS = YES_ERROR;
				CLANG_WARN_QUOTED_INCLUDE_IN_FRAMEWORK_HEADER = YES;
				CLANG_WARN_RANGE_LOOP_ANALYSIS = YES;
				CLANG_WARN_STRICT_PROTOTYPES = YES;
				CLANG_WARN_SUSPICIOUS_MOVE = YES;
				CLANG_WARN_UNGUARDED_AVAILABILITY = YES_AGGRESSIVE;
				CLANG_WARN_UNREACHABLE_CODE = YES;
				CLANG_WARN__DUPLICATE_METHOD_MATCH = YES;
				COPY_PHASE_STRIP = NO;
				DEBUG_INFORMATION_FORMAT = dwarf;
				ENABLE_STRICT_OBJC_MSGSEND = YES;
				ENABLE_TESTABILITY = YES;
				GCC_C_LANGUAGE_STANDARD = gnu11;
				GCC_DYNAMIC_NO_PIC = NO;
				GCC_NO_COMMON_BLOCKS = YES;
				GCC_OPTIMIZATION_LEVEL = 0;
				GCC_PREPROCESSOR_DEFINITIONS = (
					"DEBUG=1",
					"$(inherited)",
				);
				GCC_WARN_64_TO_32_BIT_CONVERSION = YES;
				GCC_WARN_ABOUT_RETURN_TYPE = YES_ERROR;
				GCC_WARN_UNDECLARED_SELECTOR = YES;
				GCC_WARN_UNINITIALIZED_AUTOS = YES_AGGRESSIVE;
				GCC_WARN_UNUSED_FUNCTION = YES;
				GCC_WARN_UNUSED_VARIABLE = YES;
				IPHONEOS_DEPLOYMENT_TARGET = 15.0;
				MTL_ENABLE_DEBUG_INFO = INCLUDE_SOURCE;
				MTL_FAST_MATH = YES;
				ONLY_ACTIVE_ARCH = YES;
				SDKROOT = iphoneos;
				SWIFT_ACTIVE_COMPILATION_CONDITIONS = DEBUG;
				SWIFT_OPTIMIZATION_LEVEL = "-Onone";
			};
			name = Debug;
		};
		9F04715E2739F88D0099A5E5 /* Release */ = {
			isa = XCBuildConfiguration;
			buildSettings = {
				ALWAYS_SEARCH_USER_PATHS = NO;
				CLANG_ANALYZER_NONNULL = YES;
				CLANG_ANALYZER_NUMBER_OBJECT_CONVERSION = YES_AGGRESSIVE;
				CLANG_CXX_LANGUAGE_STANDARD = "gnu++17";
				CLANG_CXX_LIBRARY = "libc++";
				CLANG_ENABLE_MODULES = YES;
				CLANG_ENABLE_OBJC_ARC = YES;
				CLANG_ENABLE_OBJC_WEAK = YES;
				CLANG_WARN_BLOCK_CAPTURE_AUTORELEASING = YES;
				CLANG_WARN_BOOL_CONVERSION = YES;
				CLANG_WARN_COMMA = YES;
				CLANG_WARN_CONSTANT_CONVERSION = YES;
				CLANG_WARN_DEPRECATED_OBJC_IMPLEMENTATIONS = YES;
				CLANG_WARN_DIRECT_OBJC_ISA_USAGE = YES_ERROR;
				CLANG_WARN_DOCUMENTATION_COMMENTS = YES;
				CLANG_WARN_EMPTY_BODY = YES;
				CLANG_WARN_ENUM_CONVERSION = YES;
				CLANG_WARN_INFINITE_RECURSION = YES;
				CLANG_WARN_INT_CONVERSION = YES;
				CLANG_WARN_NON_LITERAL_NULL_CONVERSION = YES;
				CLANG_WARN_OBJC_IMPLICIT_RETAIN_SELF = YES;
				CLANG_WARN_OBJC_LITERAL_CONVERSION = YES;
				CLANG_WARN_OBJC_ROOT_CLASS = YES_ERROR;
				CLANG_WARN_QUOTED_INCLUDE_IN_FRAMEWORK_HEADER = YES;
				CLANG_WARN_RANGE_LOOP_ANALYSIS = YES;
				CLANG_WARN_STRICT_PROTOTYPES = YES;
				CLANG_WARN_SUSPICIOUS_MOVE = YES;
				CLANG_WARN_UNGUARDED_AVAILABILITY = YES_AGGRESSIVE;
				CLANG_WARN_UNREACHABLE_CODE = YES;
				CLANG_WARN__DUPLICATE_METHOD_MATCH = YES;
				COPY_PHASE_STRIP = NO;
				DEBUG_INFORMATION_FORMAT = "dwarf-with-dsym";
				ENABLE_NS_ASSERTIONS = NO;
				ENABLE_STRICT_OBJC_MSGSEND = YES;
				GCC_C_LANGUAGE_STANDARD = gnu11;
				GCC_NO_COMMON_BLOCKS = YES;
				GCC_WARN_64_TO_32_BIT_CONVERSION = YES;
				GCC_WARN_ABOUT_RETURN_TYPE = YES_ERROR;
				GCC_WARN_UNDECLARED_SELECTOR = YES;
				GCC_WARN_UNINITIALIZED_AUTOS = YES_AGGRESSIVE;
				GCC_WARN_UNUSED_FUNCTION = YES;
				GCC_WARN_UNUSED_VARIABLE = YES;
				IPHONEOS_DEPLOYMENT_TARGET = 15.0;
				MTL_ENABLE_DEBUG_INFO = NO;
				MTL_FAST_MATH = YES;
				SDKROOT = iphoneos;
				SWIFT_COMPILATION_MODE = wholemodule;
				SWIFT_OPTIMIZATION_LEVEL = "-O";
				VALIDATE_PRODUCT = YES;
			};
			name = Release;
		};
		9F0471602739F88D0099A5E5 /* Debug */ = {
			isa = XCBuildConfiguration;
			buildSettings = {
				ASSETCATALOG_COMPILER_APPICON_NAME = AppIcon;
				ASSETCATALOG_COMPILER_GLOBAL_ACCENT_COLOR_NAME = AccentColor;
				CODE_SIGN_STYLE = Automatic;
				CURRENT_PROJECT_VERSION = 1;
				DEVELOPMENT_TEAM = KBDYNQ5FQB;
				GENERATE_INFOPLIST_FILE = YES;
				INFOPLIST_FILE = Liste/Info.plist;
				INFOPLIST_KEY_UIApplicationSupportsIndirectInputEvents = YES;
				INFOPLIST_KEY_UILaunchStoryboardName = LaunchScreen;
				INFOPLIST_KEY_UISupportedInterfaceOrientations_iPad = "UIInterfaceOrientationPortrait UIInterfaceOrientationPortraitUpsideDown UIInterfaceOrientationLandscapeLeft UIInterfaceOrientationLandscapeRight";
				INFOPLIST_KEY_UISupportedInterfaceOrientations_iPhone = "UIInterfaceOrientationPortrait UIInterfaceOrientationLandscapeLeft UIInterfaceOrientationLandscapeRight";
				LD_RUNPATH_SEARCH_PATHS = (
					"$(inherited)",
					"@executable_path/Frameworks",
				);
				MARKETING_VERSION = 1.0;
				PRODUCT_BUNDLE_IDENTIFIER = br.ufpe.cin.academy.Liste;
				PRODUCT_NAME = "$(TARGET_NAME)";
				SWIFT_EMIT_LOC_STRINGS = YES;
				SWIFT_VERSION = 5.0;
				TARGETED_DEVICE_FAMILY = "1,2";
			};
			name = Debug;
		};
		9F0471612739F88D0099A5E5 /* Release */ = {
			isa = XCBuildConfiguration;
			buildSettings = {
				ASSETCATALOG_COMPILER_APPICON_NAME = AppIcon;
				ASSETCATALOG_COMPILER_GLOBAL_ACCENT_COLOR_NAME = AccentColor;
				CODE_SIGN_STYLE = Automatic;
				CURRENT_PROJECT_VERSION = 1;
				DEVELOPMENT_TEAM = KBDYNQ5FQB;
				GENERATE_INFOPLIST_FILE = YES;
				INFOPLIST_FILE = Liste/Info.plist;
				INFOPLIST_KEY_UIApplicationSupportsIndirectInputEvents = YES;
				INFOPLIST_KEY_UILaunchStoryboardName = LaunchScreen;
				INFOPLIST_KEY_UISupportedInterfaceOrientations_iPad = "UIInterfaceOrientationPortrait UIInterfaceOrientationPortraitUpsideDown UIInterfaceOrientationLandscapeLeft UIInterfaceOrientationLandscapeRight";
				INFOPLIST_KEY_UISupportedInterfaceOrientations_iPhone = "UIInterfaceOrientationPortrait UIInterfaceOrientationLandscapeLeft UIInterfaceOrientationLandscapeRight";
				LD_RUNPATH_SEARCH_PATHS = (
					"$(inherited)",
					"@executable_path/Frameworks",
				);
				MARKETING_VERSION = 1.0;
				PRODUCT_BUNDLE_IDENTIFIER = br.ufpe.cin.academy.Liste;
				PRODUCT_NAME = "$(TARGET_NAME)";
				SWIFT_EMIT_LOC_STRINGS = YES;
				SWIFT_VERSION = 5.0;
				TARGETED_DEVICE_FAMILY = "1,2";
			};
			name = Release;
		};
/* End XCBuildConfiguration section */

/* Begin XCConfigurationList section */
		9F0471432739F88B0099A5E5 /* Build configuration list for PBXProject "Liste" */ = {
			isa = XCConfigurationList;
			buildConfigurations = (
				9F04715D2739F88D0099A5E5 /* Debug */,
				9F04715E2739F88D0099A5E5 /* Release */,
			);
			defaultConfigurationIsVisible = 0;
			defaultConfigurationName = Release;
		};
		9F04715F2739F88D0099A5E5 /* Build configuration list for PBXNativeTarget "Liste" */ = {
			isa = XCConfigurationList;
			buildConfigurations = (
				9F0471602739F88D0099A5E5 /* Debug */,
				9F0471612739F88D0099A5E5 /* Release */,
			);
			defaultConfigurationIsVisible = 0;
			defaultConfigurationName = Release;
		};
/* End XCConfigurationList section */

/* Begin XCVersionGroup section */
		9F0471542739F88B0099A5E5 /* Liste.xcdatamodeld */ = {
			isa = XCVersionGroup;
			children = (
				9F0471552739F88B0099A5E5 /* Liste.xcdatamodel */,
			);
			currentVersion = 9F0471552739F88B0099A5E5 /* Liste.xcdatamodel */;
			path = Liste.xcdatamodeld;
			sourceTree = "<group>";
			versionGroupType = wrapper.xcdatamodel;
		};
/* End XCVersionGroup section */
	};
	rootObject = 9F0471402739F88B0099A5E5 /* Project object */;
}
